
Microsoft Visual Studio Solution File, Format Version 12.00
# Visual Studio 14
VisualStudioVersion = 14.0.25123.0
MinimumVisualStudioVersion = 10.0.40219.1
Project("{FAE04EC0-301F-11D3-BF4B-00C04F79EFBC}") = "StudyTwo", "StudyTwo\StudyTwo.csproj", "{ABF04577-EF6B-4B53-BE23-2923101AB95D}"
EndProject
Project("{E24C65DC-7377-472B-9ABA-BC803B73C61A}") = "StudyKendo", "StudyKendo\", "{E7C20EA6-1406-4454-B8FF-A4D7473A7E14}"
	ProjectSection(WebsiteProperties) = preProject
		TargetFrameworkMoniker = ".NETFramework,Version%3Dv4.5.2"
		Debug.AspNetCompiler.VirtualPath = "/localhost_12835"
		Debug.AspNetCompiler.PhysicalPath = "StudyKendo\"
		Debug.AspNetCompiler.TargetPath = "PrecompiledWeb\localhost_12835\"
		Debug.AspNetCompiler.Updateable = "true"
		Debug.AspNetCompiler.ForceOverwrite = "true"
		Debug.AspNetCompiler.FixedNames = "false"
		Debug.AspNetCompiler.Debug = "True"
		Release.AspNetCompiler.VirtualPath = "/localhost_12835"
		Release.AspNetCompiler.PhysicalPath = "StudyKendo\"
		Release.AspNetCompiler.TargetPath = "PrecompiledWeb\localhost_12835\"
		Release.AspNetCompiler.Updateable = "true"
		Release.AspNetCompiler.ForceOverwrite = "true"
		Release.AspNetCompiler.FixedNames = "false"
		Release.AspNetCompiler.Debug = "False"
		VWDPort = "12835"
		SlnRelativePath = "StudyKendo\"
		DefaultWebSiteLanguage = "Visual C#"
	EndProjectSection
EndProject
Project("{E24C65DC-7377-472B-9ABA-BC803B73C61A}") = "StudyAdmin(1)", "StudyAdmin\", "{5CB6CE97-3326-4015-A8CE-9C4E5C38468E}"
	ProjectSection(WebsiteProperties) = preProject
		TargetFrameworkMoniker = ".NETFramework,Version%3Dv4.5.2"
		Debug.AspNetCompiler.VirtualPath = "/localhost_16327"
		Debug.AspNetCompiler.PhysicalPath = "StudyAdmin\"
		Debug.AspNetCompiler.TargetPath = "PrecompiledWeb\localhost_16327\"
		Debug.AspNetCompiler.Updateable = "true"
		Debug.AspNetCompiler.ForceOverwrite = "true"
		Debug.AspNetCompiler.FixedNames = "false"
		Debug.AspNetCompiler.Debug = "True"
		Release.AspNetCompiler.VirtualPath = "/localhost_16327"
		Release.AspNetCompiler.PhysicalPath = "StudyAdmin\"
		Release.AspNetCompiler.TargetPath = "PrecompiledWeb\localhost_16327\"
		Release.AspNetCompiler.Updateable = "true"
		Release.AspNetCompiler.ForceOverwrite = "true"
		Release.AspNetCompiler.FixedNames = "false"
		Release.AspNetCompiler.Debug = "False"
		VWDPort = "16327"
		SlnRelativePath = "StudyAdmin\"
		DefaultWebSiteLanguage = "Visual C#"
	EndProjectSection
EndProject
Project("{FAE04EC0-301F-11D3-BF4B-00C04F79EFBC}") = "StudyAdmin - Mvc", "StudyAdmin - Mvc\StudyAdmin - Mvc.csproj", "{FDA10490-6DD6-4246-94FA-66DD81133DDE}"
EndProject
Global
	GlobalSection(SolutionConfigurationPlatforms) = preSolution
		Debug|Any CPU = Debug|Any CPU
		Release|Any CPU = Release|Any CPU
	EndGlobalSection
	GlobalSection(ProjectConfigurationPlatforms) = postSolution
		{ABF04577-EF6B-4B53-BE23-2923101AB95D}.Debug|Any CPU.ActiveCfg = Debug|Any CPU
		{ABF04577-EF6B-4B53-BE23-2923101AB95D}.Debug|Any CPU.Build.0 = Debug|Any CPU
		{ABF04577-EF6B-4B53-BE23-2923101AB95D}.Release|Any CPU.ActiveCfg = Release|Any CPU
		{ABF04577-EF6B-4B53-BE23-2923101AB95D}.Release|Any CPU.Build.0 = Release|Any CPU
		{E7C20EA6-1406-4454-B8FF-A4D7473A7E14}.Debug|Any CPU.ActiveCfg = Debug|Any CPU
		{E7C20EA6-1406-4454-B8FF-A4D7473A7E14}.Debug|Any CPU.Build.0 = Debug|Any CPU
		{E7C20EA6-1406-4454-B8FF-A4D7473A7E14}.Release|Any CPU.ActiveCfg = Debug|Any CPU
		{E7C20EA6-1406-4454-B8FF-A4D7473A7E14}.Release|Any CPU.Build.0 = Debug|Any CPU
		{5CB6CE97-3326-4015-A8CE-9C4E5C38468E}.Debug|Any CPU.ActiveCfg = Debug|Any CPU
		{5CB6CE97-3326-4015-A8CE-9C4E5C38468E}.Debug|Any CPU.Build.0 = Debug|Any CPU
		{5CB6CE97-3326-4015-A8CE-9C4E5C38468E}.Release|Any CPU.ActiveCfg = Debug|Any CPU
		{5CB6CE97-3326-4015-A8CE-9C4E5C38468E}.Release|Any CPU.Build.0 = Debug|Any CPU
		{FDA10490-6DD6-4246-94FA-66DD81133DDE}.Debug|Any CPU.ActiveCfg = Debug|Any CPU
		{FDA10490-6DD6-4246-94FA-66DD81133DDE}.Debug|Any CPU.Build.0 = Debug|Any CPU
		{FDA10490-6DD6-4246-94FA-66DD81133DDE}.Release|Any CPU.ActiveCfg = Release|Any CPU
		{FDA10490-6DD6-4246-94FA-66DD81133DDE}.Release|Any CPU.Build.0 = Release|Any CPU
	EndGlobalSection
	GlobalSection(SolutionProperties) = preSolution
		HideSolutionNode = FALSE
	EndGlobalSection
EndGlobal
